
Microsoft Visual Studio Solution File, Format Version 12.00
# Visual Studio Version 17
VisualStudioVersion = 17.11.35222.181
MinimumVisualStudioVersion = 10.0.40219.1
Project("{FAE04EC0-301F-11D3-BF4B-00C04F79EFBC}") = "NewMyPaint", "NewMyPaint\NewMyPaint.csproj", "{10AF1839-8338-4ED5-809E-F87298B312B6}"
EndProject
Global
	GlobalSection(SolutionConfigurationPlatforms) = preSolution
		Debug|Any CPU = Debug|Any CPU
		Release|Any CPU = Release|Any CPU
	EndGlobalSection
	GlobalSection(ProjectConfigurationPlatforms) = postSolution
		{10AF1839-8338-4ED5-809E-F87298B312B6}.Debug|Any CPU.ActiveCfg = Debug|Any CPU
		{10AF1839-8338-4ED5-809E-F87298B312B6}.Debug|Any CPU.Build.0 = Debug|Any CPU
		{10AF1839-8338-4ED5-809E-F87298B312B6}.Release|Any CPU.ActiveCfg = Release|Any CPU
		{10AF1839-8338-4ED5-809E-F87298B312B6}.Release|Any CPU.Build.0 = Release|Any CPU
	EndGlobalSection
	GlobalSection(SolutionProperties) = preSolution
		HideSolutionNode = FALSE
	EndGlobalSection
	GlobalSection(ExtensibilityGlobals) = postSolution
		SolutionGuid = {E377CA9A-0A2E-437F-9D65-572877F2DF84}
	EndGlobalSection
EndGlobal
